
Microsoft Visual Studio Solution File, Format Version 12.00
# Visual Studio Version 17
VisualStudioVersion = 17.10.34928.147
MinimumVisualStudioVersion = 10.0.40219.1
Project("{FAE04EC0-301F-11D3-BF4B-00C04F79EFBC}") = "ExpenseTracker", "ExpenseTracker\ExpenseTracker.csproj", "{43FF2692-175A-4150-87ED-BE1E62A95CD9}"
EndProject
Project("{FAE04EC0-301F-11D3-BF4B-00C04F79EFBC}") = "ExpenseTracker.Presentation", "ExpenseTracker.Presentation\ExpenseTracker.Presentation.csproj", "{84ACD1FB-2D80-40D6-93AB-81F9A1BCAA74}"
EndProject
Project("{FAE04EC0-301F-11D3-BF4B-00C04F79EFBC}") = "Contracts", "Contracts\Contracts.csproj", "{C2D55072-AE00-4CE1-BE1C-E4AA004A05EB}"
EndProject
Project("{FAE04EC0-301F-11D3-BF4B-00C04F79EFBC}") = "Entities", "Entities\Entities.csproj", "{CEDE1F0C-1715-4B18-99F4-CA7869D7D4ED}"
EndProject
Project("{FAE04EC0-301F-11D3-BF4B-00C04F79EFBC}") = "LoggerService", "LoggerService\LoggerService.csproj", "{F67F961A-FB9E-4344-8475-B9FBE252C2C1}"
EndProject
Project("{FAE04EC0-301F-11D3-BF4B-00C04F79EFBC}") = "Repository", "Repository\Repository.csproj", "{6A709EB5-9F42-48A1-A416-BC74D5C094D0}"
EndProject
Project("{FAE04EC0-301F-11D3-BF4B-00C04F79EFBC}") = "Service", "Service\Service.csproj", "{14FBFA05-D1C4-4506-A893-210DF48C7B52}"
EndProject
Project("{FAE04EC0-301F-11D3-BF4B-00C04F79EFBC}") = "Service.Contracts", "Service.Contracts\Service.Contracts.csproj", "{ACAACC2A-E77A-49D8-95DC-605176DF82A1}"
EndProject
Project("{FAE04EC0-301F-11D3-BF4B-00C04F79EFBC}") = "Shared", "Shared\Shared.csproj", "{EE5EFEC1-EF4D-459A-A836-784C01161A48}"
EndProject
Global
	GlobalSection(SolutionConfigurationPlatforms) = preSolution
		Debug|Any CPU = Debug|Any CPU
		Release|Any CPU = Release|Any CPU
	EndGlobalSection
	GlobalSection(ProjectConfigurationPlatforms) = postSolution
		{43FF2692-175A-4150-87ED-BE1E62A95CD9}.Debug|Any CPU.ActiveCfg = Debug|Any CPU
		{43FF2692-175A-4150-87ED-BE1E62A95CD9}.Debug|Any CPU.Build.0 = Debug|Any CPU
		{43FF2692-175A-4150-87ED-BE1E62A95CD9}.Release|Any CPU.ActiveCfg = Release|Any CPU
		{43FF2692-175A-4150-87ED-BE1E62A95CD9}.Release|Any CPU.Build.0 = Release|Any CPU
		{84ACD1FB-2D80-40D6-93AB-81F9A1BCAA74}.Debug|Any CPU.ActiveCfg = Debug|Any CPU
		{84ACD1FB-2D80-40D6-93AB-81F9A1BCAA74}.Debug|Any CPU.Build.0 = Debug|Any CPU
		{84ACD1FB-2D80-40D6-93AB-81F9A1BCAA74}.Release|Any CPU.ActiveCfg = Release|Any CPU
		{84ACD1FB-2D80-40D6-93AB-81F9A1BCAA74}.Release|Any CPU.Build.0 = Release|Any CPU
		{C2D55072-AE00-4CE1-BE1C-E4AA004A05EB}.Debug|Any CPU.ActiveCfg = Debug|Any CPU
		{C2D55072-AE00-4CE1-BE1C-E4AA004A05EB}.Debug|Any CPU.Build.0 = Debug|Any CPU
		{C2D55072-AE00-4CE1-BE1C-E4AA004A05EB}.Release|Any CPU.ActiveCfg = Release|Any CPU
		{C2D55072-AE00-4CE1-BE1C-E4AA004A05EB}.Release|Any CPU.Build.0 = Release|Any CPU
		{CEDE1F0C-1715-4B18-99F4-CA7869D7D4ED}.Debug|Any CPU.ActiveCfg = Debug|Any CPU
		{CEDE1F0C-1715-4B18-99F4-CA7869D7D4ED}.Debug|Any CPU.Build.0 = Debug|Any CPU
		{CEDE1F0C-1715-4B18-99F4-CA7869D7D4ED}.Release|Any CPU.ActiveCfg = Release|Any CPU
		{CEDE1F0C-1715-4B18-99F4-CA7869D7D4ED}.Release|Any CPU.Build.0 = Release|Any CPU
		{F67F961A-FB9E-4344-8475-B9FBE252C2C1}.Debug|Any CPU.ActiveCfg = Debug|Any CPU
		{F67F961A-FB9E-4344-8475-B9FBE252C2C1}.Debug|Any CPU.Build.0 = Debug|Any CPU
		{F67F961A-FB9E-4344-8475-B9FBE252C2C1}.Release|Any CPU.ActiveCfg = Release|Any CPU
		{F67F961A-FB9E-4344-8475-B9FBE252C2C1}.Release|Any CPU.Build.0 = Release|Any CPU
		{6A709EB5-9F42-48A1-A416-BC74D5C094D0}.Debug|Any CPU.ActiveCfg = Debug|Any CPU
		{6A709EB5-9F42-48A1-A416-BC74D5C094D0}.Debug|Any CPU.Build.0 = Debug|Any CPU
		{6A709EB5-9F42-48A1-A416-BC74D5C094D0}.Release|Any CPU.ActiveCfg = Release|Any CPU
		{6A709EB5-9F42-48A1-A416-BC74D5C094D0}.Release|Any CPU.Build.0 = Release|Any CPU
		{14FBFA05-D1C4-4506-A893-210DF48C7B52}.Debug|Any CPU.ActiveCfg = Debug|Any CPU
		{14FBFA05-D1C4-4506-A893-210DF48C7B52}.Debug|Any CPU.Build.0 = Debug|Any CPU
		{14FBFA05-D1C4-4506-A893-210DF48C7B52}.Release|Any CPU.ActiveCfg = Release|Any CPU
		{14FBFA05-D1C4-4506-A893-210DF48C7B52}.Release|Any CPU.Build.0 = Release|Any CPU
		{ACAACC2A-E77A-49D8-95DC-605176DF82A1}.Debug|Any CPU.ActiveCfg = Debug|Any CPU
		{ACAACC2A-E77A-49D8-95DC-605176DF82A1}.Debug|Any CPU.Build.0 = Debug|Any CPU
		{ACAACC2A-E77A-49D8-95DC-605176DF82A1}.Release|Any CPU.ActiveCfg = Release|Any CPU
		{ACAACC2A-E77A-49D8-95DC-605176DF82A1}.Release|Any CPU.Build.0 = Release|Any CPU
		{EE5EFEC1-EF4D-459A-A836-784C01161A48}.Debug|Any CPU.ActiveCfg = Debug|Any CPU
		{EE5EFEC1-EF4D-459A-A836-784C01161A48}.Debug|Any CPU.Build.0 = Debug|Any CPU
		{EE5EFEC1-EF4D-459A-A836-784C01161A48}.Release|Any CPU.ActiveCfg = Release|Any CPU
		{EE5EFEC1-EF4D-459A-A836-784C01161A48}.Release|Any CPU.Build.0 = Release|Any CPU
	EndGlobalSection
	GlobalSection(SolutionProperties) = preSolution
		HideSolutionNode = FALSE
	EndGlobalSection
	GlobalSection(ExtensibilityGlobals) = postSolution
		SolutionGuid = {A405DB97-C017-4833-A833-39E95A8687C2}
	EndGlobalSection
EndGlobal
